{
  "originHash" : "c771ab771a389a240c3206ce3bfb6be0bf67d708df51e80b428ae6eb621e94b3",
  "pins" : [
    {
      "identity" : "cocoaasyncsocket",
      "kind" : "remoteSourceControl",
      "location" : "https://github.com/robbiehanson/CocoaAsyncSocket.git",
      "state" : {
        "branch" : "master",
        "revision" : "5ddba5e72f38e56010dbfac08b44478ee5000c0c"
      }
    },
    {
      "identity" : "swifter",
      "kind" : "remoteSourceControl",
      "location" : "https://github.com/httpswift/swifter.git",
      "state" : {
        "branch" : "stable",
        "revision" : "1e4f51c92d7ca486242d8bf0722b99de2c3531aa"
      }
    },
    {
      "identity" : "swiftupnp",
      "kind" : "remoteSourceControl",
      "location" : "https://github.com/katoemba/SwiftUPnP.git",
      "state" : {
        "branch" : "main",
        "revision" : "a09b64244923477a938be9539bb255f36a80f5ba"
      }
    },
    {
      "identity" : "xmlcoder",
      "kind" : "remoteSourceControl",
      "location" : "https://github.com/CoreOffice/XMLCoder.git",
      "state" : {
        "revision" : "b1e944cbd0ef33787b13f639a5418d55b3bed501",
        "version" : "0.17.1"
      }
    }
  ],
  "version" : 3
}
